// !$*UTF8*$!
{
	archiveVersion = 1;
	classes = {
	};
	objectVersion = 50;
	objects = {

/* Begin PBXBuildFile section */
		4CDAEDAA267C423E00BF64FE /* testApp.swift in Sources */ = {isa = PBXBuildFile; fileRef = 4CDAED97267C423D00BF64FE /* testApp.swift */; };
		4CDAEDAB267C423E00BF64FE /* testApp.swift in Sources */ = {isa = PBXBuildFile; fileRef = 4CDAED97267C423D00BF64FE /* testApp.swift */; };
		4CDAEDAC267C423E00BF64FE /* ContentView.swift in Sources */ = {isa = PBXBuildFile; fileRef = 4CDAED98267C423D00BF64FE /* ContentView.swift */; };
		4CDAEDAD267C423E00BF64FE /* ContentView.swift in Sources */ = {isa = PBXBuildFile; fileRef = 4CDAED98267C423D00BF64FE /* ContentView.swift */; };
		4CDAEDAE267C423E00BF64FE /* Assets.xcassets in Resources */ = {isa = PBXBuildFile; fileRef = 4CDAED99267C423E00BF64FE /* Assets.xcassets */; };
		4CDAEDAF267C423E00BF64FE /* Assets.xcassets in Resources */ = {isa = PBXBuildFile; fileRef = 4CDAED99267C423E00BF64FE /* Assets.xcassets */; };
		4CDAEDBB267C42E900BF64FE /* SwiftUIView_map.swift in Sources */ = {isa = PBXBuildFile; fileRef = 4CDAEDBA267C42E900BF64FE /* SwiftUIView_map.swift */; };
		4CDAEDBC267C42E900BF64FE /* SwiftUIView_map.swift in Sources */ = {isa = PBXBuildFile; fileRef = 4CDAEDBA267C42E900BF64FE /* SwiftUIView_map.swift */; };
		4CDAEDC0267C431E00BF64FE /* SideMenuView.swift in Sources */ = {isa = PBXBuildFile; fileRef = 4CDAEDBF267C431E00BF64FE /* SideMenuView.swift */; };
		4CDAEDC1267C431E00BF64FE /* SideMenuView.swift in Sources */ = {isa = PBXBuildFile; fileRef = 4CDAEDBF267C431E00BF64FE /* SideMenuView.swift */; };
		4CDAEDC5267C435600BF64FE /* SideMenuHeaderView.swift in Sources */ = {isa = PBXBuildFile; fileRef = 4CDAEDC4267C435600BF64FE /* SideMenuHeaderView.swift */; };
		4CDAEDC6267C435600BF64FE /* SideMenuHeaderView.swift in Sources */ = {isa = PBXBuildFile; fileRef = 4CDAEDC4267C435600BF64FE /* SideMenuHeaderView.swift */; };
		4CDAEDCA267C436D00BF64FE /* SideMenuOptionView.swift in Sources */ = {isa = PBXBuildFile; fileRef = 4CDAEDC9267C436D00BF64FE /* SideMenuOptionView.swift */; };
		4CDAEDCB267C436D00BF64FE /* SideMenuOptionView.swift in Sources */ = {isa = PBXBuildFile; fileRef = 4CDAEDC9267C436D00BF64FE /* SideMenuOptionView.swift */; };
		4CDAEDCF267C439700BF64FE /* SideMenuViewModel.swift in Sources */ = {isa = PBXBuildFile; fileRef = 4CDAEDCE267C439700BF64FE /* SideMenuViewModel.swift */; };
		4CDAEDD0267C439800BF64FE /* SideMenuViewModel.swift in Sources */ = {isa = PBXBuildFile; fileRef = 4CDAEDCE267C439700BF64FE /* SideMenuViewModel.swift */; };
/* End PBXBuildFile section */

/* Begin PBXFileReference section */
		4CDAED97267C423D00BF64FE /* testApp.swift */ = {isa = PBXFileReference; lastKnownFileType = sourcecode.swift; path = testApp.swift; sourceTree = "<group>"; };
		4CDAED98267C423D00BF64FE /* ContentView.swift */ = {isa = PBXFileReference; lastKnownFileType = sourcecode.swift; path = ContentView.swift; sourceTree = "<group>"; };
		4CDAED99267C423E00BF64FE /* Assets.xcassets */ = {isa = PBXFileReference; lastKnownFileType = folder.assetcatalog; path = Assets.xcassets; sourceTree = "<group>"; };
		4CDAED9E267C423E00BF64FE /* test.app */ = {isa = PBXFileReference; explicitFileType = wrapper.application; includeInIndex = 0; path = test.app; sourceTree = BUILT_PRODUCTS_DIR; };
		4CDAEDA1267C423E00BF64FE /* Info.plist */ = {isa = PBXFileReference; lastKnownFileType = text.plist.xml; path = Info.plist; sourceTree = "<group>"; };
		4CDAEDA6267C423E00BF64FE /* test.app */ = {isa = PBXFileReference; explicitFileType = wrapper.application; includeInIndex = 0; path = test.app; sourceTree = BUILT_PRODUCTS_DIR; };
		4CDAEDA8267C423E00BF64FE /* Info.plist */ = {isa = PBXFileReference; lastKnownFileType = text.plist.xml; path = Info.plist; sourceTree = "<group>"; };
		4CDAEDA9267C423E00BF64FE /* macOS.entitlements */ = {isa = PBXFileReference; lastKnownFileType = text.plist.entitlements; path = macOS.entitlements; sourceTree = "<group>"; };
		4CDAEDBA267C42E900BF64FE /* SwiftUIView_map.swift */ = {isa = PBXFileReference; lastKnownFileType = sourcecode.swift; path = SwiftUIView_map.swift; sourceTree = "<group>"; };
		4CDAEDBF267C431E00BF64FE /* SideMenuView.swift */ = {isa = PBXFileReference; lastKnownFileType = sourcecode.swift; path = SideMenuView.swift; sourceTree = "<group>"; };
		4CDAEDC4267C435600BF64FE /* SideMenuHeaderView.swift */ = {isa = PBXFileReference; lastKnownFileType = sourcecode.swift; path = SideMenuHeaderView.swift; sourceTree = "<group>"; };
		4CDAEDC9267C436D00BF64FE /* SideMenuOptionView.swift */ = {isa = PBXFileReference; lastKnownFileType = sourcecode.swift; path = SideMenuOptionView.swift; sourceTree = "<group>"; };
		4CDAEDCE267C439700BF64FE /* SideMenuViewModel.swift */ = {isa = PBXFileReference; lastKnownFileType = sourcecode.swift; path = SideMenuViewModel.swift; sourceTree = "<group>"; };
/* End PBXFileReference section */

/* Begin PBXFrameworksBuildPhase section */
		4CDAED9B267C423E00BF64FE /* Frameworks */ = {
			isa = PBXFrameworksBuildPhase;
			buildActionMask = 2147483647;
			files = (
			);
			runOnlyForDeploymentPostprocessing = 0;
		};
		4CDAEDA3267C423E00BF64FE /* Frameworks */ = {
			isa = PBXFrameworksBuildPhase;
			buildActionMask = 2147483647;
			files = (
			);
			runOnlyForDeploymentPostprocessing = 0;
		};
/* End PBXFrameworksBuildPhase section */

/* Begin PBXGroup section */
		4CDAED91267C423D00BF64FE = {
			isa = PBXGroup;
			children = (
				4CDAED96267C423D00BF64FE /* Shared */,
				4CDAEDA0267C423E00BF64FE /* iOS */,
				4CDAEDA7267C423E00BF64FE /* macOS */,
				4CDAED9F267C423E00BF64FE /* Products */,
			);
			sourceTree = "<group>";
		};
		4CDAED96267C423D00BF64FE /* Shared */ = {
			isa = PBXGroup;
			children = (
				4CDAED97267C423D00BF64FE /* testApp.swift */,
				4CDAED98267C423D00BF64FE /* ContentView.swift */,
				4CDAED99267C423E00BF64FE /* Assets.xcassets */,
				4CDAEDBA267C42E900BF64FE /* SwiftUIView_map.swift */,
				4CDAEDBF267C431E00BF64FE /* SideMenuView.swift */,
				4CDAEDC4267C435600BF64FE /* SideMenuHeaderView.swift */,
				4CDAEDC9267C436D00BF64FE /* SideMenuOptionView.swift */,
				4CDAEDCE267C439700BF64FE /* SideMenuViewModel.swift */,
			);
			path = Shared;
			sourceTree = "<group>";
		};
		4CDAED9F267C423E00BF64FE /* Products */ = {
			isa = PBXGroup;
			children = (
				4CDAED9E267C423E00BF64FE /* test.app */,
				4CDAEDA6267C423E00BF64FE /* test.app */,
			);
			name = Products;
			sourceTree = "<group>";
		};
		4CDAEDA0267C423E00BF64FE /* iOS */ = {
			isa = PBXGroup;
			children = (
				4CDAEDA1267C423E00BF64FE /* Info.plist */,
			);
			path = iOS;
			sourceTree = "<group>";
		};
		4CDAEDA7267C423E00BF64FE /* macOS */ = {
			isa = PBXGroup;
			children = (
				4CDAEDA8267C423E00BF64FE /* Info.plist */,
				4CDAEDA9267C423E00BF64FE /* macOS.entitlements */,
			);
			path = macOS;
			sourceTree = "<group>";
		};
/* End PBXGroup section */

/* Begin PBXNativeTarget section */
		4CDAED9D267C423E00BF64FE /* test (iOS) */ = {
			isa = PBXNativeTarget;
			buildConfigurationList = 4CDAEDB2267C423E00BF64FE /* Build configuration list for PBXNativeTarget "test (iOS)" */;
			buildPhases = (
				4CDAED9A267C423E00BF64FE /* Sources */,
				4CDAED9B267C423E00BF64FE /* Frameworks */,
				4CDAED9C267C423E00BF64FE /* Resources */,
			);
			buildRules = (
			);
			dependencies = (
			);
			name = "test (iOS)";
			productName = "test (iOS)";
			productReference = 4CDAED9E267C423E00BF64FE /* test.app */;
			productType = "com.apple.product-type.application";
		};
		4CDAEDA5267C423E00BF64FE /* test (macOS) */ = {
			isa = PBXNativeTarget;
			buildConfigurationList = 4CDAEDB5267C423E00BF64FE /* Build configuration list for PBXNativeTarget "test (macOS)" */;
			buildPhases = (
				4CDAEDA2267C423E00BF64FE /* Sources */,
				4CDAEDA3267C423E00BF64FE /* Frameworks */,
				4CDAEDA4267C423E00BF64FE /* Resources */,
			);
			buildRules = (
			);
			dependencies = (
			);
			name = "test (macOS)";
			productName = "test (macOS)";
			productReference = 4CDAEDA6267C423E00BF64FE /* test.app */;
			productType = "com.apple.product-type.application";
		};
/* End PBXNativeTarget section */

/* Begin PBXProject section */
		4CDAED92267C423D00BF64FE /* Project object */ = {
			isa = PBXProject;
			attributes = {
				LastSwiftUpdateCheck = 1240;
				LastUpgradeCheck = 1240;
				TargetAttributes = {
					4CDAED9D267C423E00BF64FE = {
						CreatedOnToolsVersion = 12.4;
					};
					4CDAEDA5267C423E00BF64FE = {
						CreatedOnToolsVersion = 12.4;
					};
				};
			};
			buildConfigurationList = 4CDAED95267C423D00BF64FE /* Build configuration list for PBXProject "test" */;
			compatibilityVersion = "Xcode 9.3";
			developmentRegion = en;
			hasScannedForEncodings = 0;
			knownRegions = (
				en,
				Base,
			);
			mainGroup = 4CDAED91267C423D00BF64FE;
			productRefGroup = 4CDAED9F267C423E00BF64FE /* Products */;
			projectDirPath = "";
			projectRoot = "";
			targets = (
				4CDAED9D267C423E00BF64FE /* test (iOS) */,
				4CDAEDA5267C423E00BF64FE /* test (macOS) */,
			);
		};
/* End PBXProject section */

/* Begin PBXResourcesBuildPhase section */
		4CDAED9C267C423E00BF64FE /* Resources */ = {
			isa = PBXResourcesBuildPhase;
			buildActionMask = 2147483647;
			files = (
				4CDAEDAE267C423E00BF64FE /* Assets.xcassets in Resources */,
			);
			runOnlyForDeploymentPostprocessing = 0;
		};
		4CDAEDA4267C423E00BF64FE /* Resources */ = {
			isa = PBXResourcesBuildPhase;
			buildActionMask = 2147483647;
			files = (
				4CDAEDAF267C423E00BF64FE /* Assets.xcassets in Resources */,
			);
			runOnlyForDeploymentPostprocessing = 0;
		};
/* End PBXResourcesBuildPhase section */

/* Begin PBXSourcesBuildPhase section */
		4CDAED9A267C423E00BF64FE /* Sources */ = {
			isa = PBXSourcesBuildPhase;
			buildActionMask = 2147483647;
			files = (
				4CDAEDC5267C435600BF64FE /* SideMenuHeaderView.swift in Sources */,
				4CDAEDBB267C42E900BF64FE /* SwiftUIView_map.swift in Sources */,
				4CDAEDAC267C423E00BF64FE /* ContentView.swift in Sources */,
				4CDAEDCF267C439700BF64FE /* SideMenuViewModel.swift in Sources */,
				4CDAEDC0267C431E00BF64FE /* SideMenuView.swift in Sources */,
				4CDAEDAA267C423E00BF64FE /* testApp.swift in Sources */,
				4CDAEDCA267C436D00BF64FE /* SideMenuOptionView.swift in Sources */,
			);
			runOnlyForDeploymentPostprocessing = 0;
		};
		4CDAEDA2267C423E00BF64FE /* Sources */ = {
			isa = PBXSourcesBuildPhase;
			buildActionMask = 2147483647;
			files = (
				4CDAEDC6267C435600BF64FE /* SideMenuHeaderView.swift in Sources */,
				4CDAEDBC267C42E900BF64FE /* SwiftUIView_map.swift in Sources */,
				4CDAEDAD267C423E00BF64FE /* ContentView.swift in Sources */,
				4CDAEDD0267C439800BF64FE /* SideMenuViewModel.swift in Sources */,
				4CDAEDC1267C431E00BF64FE /* SideMenuView.swift in Sources */,
				4CDAEDAB267C423E00BF64FE /* testApp.swift in Sources */,
				4CDAEDCB267C436D00BF64FE /* SideMenuOptionView.swift in Sources */,
			);
			runOnlyForDeploymentPostprocessing = 0;
		};
/* End PBXSourcesBuildPhase section */

/* Begin XCBuildConfiguration section */
		4CDAEDB0267C423E00BF64FE /* Debug */ = {
			isa = XCBuildConfiguration;
			buildSettings = {
				ALWAYS_SEARCH_USER_PATHS = NO;
				CLANG_ANALYZER_NONNULL = YES;
				CLANG_ANALYZER_NUMBER_OBJECT_CONVERSION = YES_AGGRESSIVE;
				CLANG_CXX_LANGUAGE_STANDARD = "gnu++14";
				CLANG_CXX_LIBRARY = "libc++";
				CLANG_ENABLE_MODULES = YES;
				CLANG_ENABLE_OBJC_ARC = YES;
				CLANG_ENABLE_OBJC_WEAK = YES;
				CLANG_WARN_BLOCK_CAPTURE_AUTORELEASING = YES;
				CLANG_WARN_BOOL_CONVERSION = YES;
				CLANG_WARN_COMMA = YES;
				CLANG_WARN_CONSTANT_CONVERSION = YES;
				CLANG_WARN_DEPRECATED_OBJC_IMPLEMENTATIONS = YES;
				CLANG_WARN_DIRECT_OBJC_ISA_USAGE = YES_ERROR;
				CLANG_WARN_DOCUMENTATION_COMMENTS = YES;
				CLANG_WARN_EMPTY_BODY = YES;
				CLANG_WARN_ENUM_CONVERSION = YES;
				CLANG_WARN_INFINITE_RECURSION = YES;
				CLANG_WARN_INT_CONVERSION = YES;
				CLANG_WARN_NON_LITERAL_NULL_CONVERSION = YES;
				CLANG_WARN_OBJC_IMPLICIT_RETAIN_SELF = YES;
				CLANG_WARN_OBJC_LITERAL_CONVERSION = YES;
				CLANG_WARN_OBJC_ROOT_CLASS = YES_ERROR;
				CLANG_WARN_QUOTED_INCLUDE_IN_FRAMEWORK_HEADER = YES;
				CLANG_WARN_RANGE_LOOP_ANALYSIS = YES;
				CLANG_WARN_STRICT_PROTOTYPES = YES;
				CLANG_WARN_SUSPICIOUS_MOVE = YES;
				CLANG_WARN_UNGUARDED_AVAILABILITY = YES_AGGRESSIVE;
				CLANG_WARN_UNREACHABLE_CODE = YES;
				CLANG_WARN__DUPLICATE_METHOD_MATCH = YES;
				COPY_PHASE_STRIP = NO;
				DEBUG_INFORMATION_FORMAT = dwarf;
				ENABLE_STRICT_OBJC_MSGSEND = YES;
				ENABLE_TESTABILITY = YES;
				GCC_C_LANGUAGE_STANDARD = gnu11;
				GCC_DYNAMIC_NO_PIC = NO;
				GCC_NO_COMMON_BLOCKS = YES;
				GCC_OPTIMIZATION_LEVEL = 0;
				GCC_PREPROCESSOR_DEFINITIONS = (
					"DEBUG=1",
					"$(inherited)",
				);
				GCC_WARN_64_TO_32_BIT_CONVERSION = YES;
				GCC_WARN_ABOUT_RETURN_TYPE = YES_ERROR;
				GCC_WARN_UNDECLARED_SELECTOR = YES;
				GCC_WARN_UNINITIALIZED_AUTOS = YES_AGGRESSIVE;
				GCC_WARN_UNUSED_FUNCTION = YES;
				GCC_WARN_UNUSED_VARIABLE = YES;
				MTL_ENABLE_DEBUG_INFO = INCLUDE_SOURCE;
				MTL_FAST_MATH = YES;
				ONLY_ACTIVE_ARCH = YES;
				SWIFT_ACTIVE_COMPILATION_CONDITIONS = DEBUG;
				SWIFT_OPTIMIZATION_LEVEL = "-Onone";
			};
			name = Debug;
		};
		4CDAEDB1267C423E00BF64FE /* Release */ = {
			isa = XCBuildConfiguration;
			buildSettings = {
				ALWAYS_SEARCH_USER_PATHS = NO;
				CLANG_ANALYZER_NONNULL = YES;
				CLANG_ANALYZER_NUMBER_OBJECT_CONVERSION = YES_AGGRESSIVE;
				CLANG_CXX_LANGUAGE_STANDARD = "gnu++14";
				CLANG_CXX_LIBRARY = "libc++";
				CLANG_ENABLE_MODULES = YES;
				CLANG_ENABLE_OBJC_ARC = YES;
				CLANG_ENABLE_OBJC_WEAK = YES;
				CLANG_WARN_BLOCK_CAPTURE_AUTORELEASING = YES;
				CLANG_WARN_BOOL_CONVERSION = YES;
				CLANG_WARN_COMMA = YES;
				CLANG_WARN_CONSTANT_CONVERSION = YES;
				CLANG_WARN_DEPRECATED_OBJC_IMPLEMENTATIONS = YES;
				CLANG_WARN_DIRECT_OBJC_ISA_USAGE = YES_ERROR;
				CLANG_WARN_DOCUMENTATION_COMMENTS = YES;
				CLANG_WARN_EMPTY_BODY = YES;
				CLANG_WARN_ENUM_CONVERSION = YES;
				CLANG_WARN_INFINITE_RECURSION = YES;
				CLANG_WARN_INT_CONVERSION = YES;
				CLANG_WARN_NON_LITERAL_NULL_CONVERSION = YES;
				CLANG_WARN_OBJC_IMPLICIT_RETAIN_SELF = YES;
				CLANG_WARN_OBJC_LITERAL_CONVERSION = YES;
				CLANG_WARN_OBJC_ROOT_CLASS = YES_ERROR;
				CLANG_WARN_QUOTED_INCLUDE_IN_FRAMEWORK_HEADER = YES;
				CLANG_WARN_RANGE_LOOP_ANALYSIS = YES;
				CLANG_WARN_STRICT_PROTOTYPES = YES;
				CLANG_WARN_SUSPICIOUS_MOVE = YES;
				CLANG_WARN_UNGUARDED_AVAILABILITY = YES_AGGRESSIVE;
				CLANG_WARN_UNREACHABLE_CODE = YES;
				CLANG_WARN__DUPLICATE_METHOD_MATCH = YES;
				COPY_PHASE_STRIP = NO;
				DEBUG_INFORMATION_FORMAT = "dwarf-with-dsym";
				ENABLE_NS_ASSERTIONS = NO;
				ENABLE_STRICT_OBJC_MSGSEND = YES;
				GCC_C_LANGUAGE_STANDARD = gnu11;
				GCC_NO_COMMON_BLOCKS = YES;
				GCC_WARN_64_TO_32_BIT_CONVERSION = YES;
				GCC_WARN_ABOUT_RETURN_TYPE = YES_ERROR;
				GCC_WARN_UNDECLARED_SELECTOR = YES;
				GCC_WARN_UNINITIALIZED_AUTOS = YES_AGGRESSIVE;
				GCC_WARN_UNUSED_FUNCTION = YES;
				GCC_WARN_UNUSED_VARIABLE = YES;
				MTL_ENABLE_DEBUG_INFO = NO;
				MTL_FAST_MATH = YES;
				SWIFT_COMPILATION_MODE = wholemodule;
				SWIFT_OPTIMIZATION_LEVEL = "-O";
			};
			name = Release;
		};
		4CDAEDB3267C423E00BF64FE /* Debug */ = {
			isa = XCBuildConfiguration;
			buildSettings = {
				ASSETCATALOG_COMPILER_APPICON_NAME = AppIcon;
				ASSETCATALOG_COMPILER_GLOBAL_ACCENT_COLOR_NAME = AccentColor;
				CODE_SIGN_STYLE = Automatic;
				ENABLE_PREVIEWS = YES;
				INFOPLIST_FILE = iOS/Info.plist;
				IPHONEOS_DEPLOYMENT_TARGET = 14.0;
				LD_RUNPATH_SEARCH_PATHS = (
					"$(inherited)",
					"@executable_path/Frameworks",
				);
				PRODUCT_BUNDLE_IDENTIFIER = com.appcode.test;
				PRODUCT_NAME = test;
				SDKROOT = iphoneos;
				SWIFT_VERSION = 5.0;
				TARGETED_DEVICE_FAMILY = "1,2";
			};
			name = Debug;
		};
		4CDAEDB4267C423E00BF64FE /* Release */ = {
			isa = XCBuildConfiguration;
			buildSettings = {
				ASSETCATALOG_COMPILER_APPICON_NAME = AppIcon;
				ASSETCATALOG_COMPILER_GLOBAL_ACCENT_COLOR_NAME = AccentColor;
				CODE_SIGN_STYLE = Automatic;
				ENABLE_PREVIEWS = YES;
				INFOPLIST_FILE = iOS/Info.plist;
				IPHONEOS_DEPLOYMENT_TARGET = 14.0;
				LD_RUNPATH_SEARCH_PATHS = (
					"$(inherited)",
					"@executable_path/Frameworks",
				);
				PRODUCT_BUNDLE_IDENTIFIER = com.appcode.test;
				PRODUCT_NAME = test;
				SDKROOT = iphoneos;
				SWIFT_VERSION = 5.0;
				TARGETED_DEVICE_FAMILY = "1,2";
				VALIDATE_PRODUCT = YES;
			};
			name = Release;
		};
		4CDAEDB6267C423E00BF64FE /* Debug */ = {
			isa = XCBuildConfiguration;
			buildSettings = {
				ASSETCATALOG_COMPILER_APPICON_NAME = AppIcon;
				ASSETCATALOG_COMPILER_GLOBAL_ACCENT_COLOR_NAME = AccentColor;
				CODE_SIGN_ENTITLEMENTS = macOS/macOS.entitlements;
				CODE_SIGN_STYLE = Automatic;
				COMBINE_HIDPI_IMAGES = YES;
				ENABLE_PREVIEWS = YES;
				INFOPLIST_FILE = macOS/Info.plist;
				LD_RUNPATH_SEARCH_PATHS = (
					"$(inherited)",
					"@executable_path/../Frameworks",
				);
				MACOSX_DEPLOYMENT_TARGET = 11.0;
				PRODUCT_BUNDLE_IDENTIFIER = com.appcode.test;
				PRODUCT_NAME = test;
				SDKROOT = macosx;
				SWIFT_VERSION = 5.0;
			};
			name = Debug;
		};
		4CDAEDB7267C423E00BF64FE /* Release */ = {
			isa = XCBuildConfiguration;
			buildSettings = {
				ASSETCATALOG_COMPILER_APPICON_NAME = AppIcon;
				ASSETCATALOG_COMPILER_GLOBAL_ACCENT_COLOR_NAME = AccentColor;
				CODE_SIGN_ENTITLEMENTS = macOS/macOS.entitlements;
				CODE_SIGN_STYLE = Automatic;
				COMBINE_HIDPI_IMAGES = YES;
				ENABLE_PREVIEWS = YES;
				INFOPLIST_FILE = macOS/Info.plist;
				LD_RUNPATH_SEARCH_PATHS = (
					"$(inherited)",
					"@executable_path/../Frameworks",
				);
				MACOSX_DEPLOYMENT_TARGET = 11.0;
				PRODUCT_BUNDLE_IDENTIFIER = com.appcode.test;
				PRODUCT_NAME = test;
				SDKROOT = macosx;
				SWIFT_VERSION = 5.0;
			};
			name = Release;
		};
/* End XCBuildConfiguration section */

/* Begin XCConfigurationList section */
		4CDAED95267C423D00BF64FE /* Build configuration list for PBXProject "test" */ = {
			isa = XCConfigurationList;
			buildConfigurations = (
				4CDAEDB0267C423E00BF64FE /* Debug */,
				4CDAEDB1267C423E00BF64FE /* Release */,
			);
			defaultConfigurationIsVisible = 0;
			defaultConfigurationName = Release;
		};
		4CDAEDB2267C423E00BF64FE /* Build configuration list for PBXNativeTarget "test (iOS)" */ = {
			isa = XCConfigurationList;
			buildConfigurations = (
				4CDAEDB3267C423E00BF64FE /* Debug */,
				4CDAEDB4267C423E00BF64FE /* Release */,
			);
			defaultConfigurationIsVisible = 0;
			defaultConfigurationName = Release;
		};
		4CDAEDB5267C423E00BF64FE /* Build configuration list for PBXNativeTarget "test (macOS)" */ = {
			isa = XCConfigurationList;
			buildConfigurations = (
				4CDAEDB6267C423E00BF64FE /* Debug */,
				4CDAEDB7267C423E00BF64FE /* Release */,
			);
			defaultConfigurationIsVisible = 0;
			defaultConfigurationName = Release;
		};
/* End XCConfigurationList section */
	};
	rootObject = 4CDAED92267C423D00BF64FE /* Project object */;
}
